// !$*UTF8*$!
{
	archiveVersion = 1;
	classes = {
	};
	objectVersion = 46;
	objects = {

/* Begin PBXBuildFile section */
		D046FD021E5EBDC7008CE3EE /* AppDelegate.swift in Sources */ = {isa = PBXBuildFile; fileRef = D046FD011E5EBDC7008CE3EE /* AppDelegate.swift */; };
		D046FD041E5EBDC7008CE3EE /* ViewController.swift in Sources */ = {isa = PBXBuildFile; fileRef = D046FD031E5EBDC7008CE3EE /* ViewController.swift */; };
		D046FD091E5EBDC7008CE3EE /* Assets.xcassets in Resources */ = {isa = PBXBuildFile; fileRef = D046FD081E5EBDC7008CE3EE /* Assets.xcassets */; };
		D046FD141E5EBDD7008CE3EE /* View.swift in Sources */ = {isa = PBXBuildFile; fileRef = D046FD131E5EBDD7008CE3EE /* View.swift */; };
		D046FD171E5EC862008CE3EE /* LaunchScreen.storyboard in Resources */ = {isa = PBXBuildFile; fileRef = D046FD151E5EC862008CE3EE /* LaunchScreen.storyboard */; };
		D046FD181E5EC862008CE3EE /* Main.storyboard in Resources */ = {isa = PBXBuildFile; fileRef = D046FD161E5EC862008CE3EE /* Main.storyboard */; };
/* End PBXBuildFile section */

/* Begin PBXFileReference section */
		D046FCFE1E5EBDC7008CE3EE /* CoreGraphicsDemo.app */ = {isa = PBXFileReference; explicitFileType = wrapper.application; includeInIndex = 0; path = CoreGraphicsDemo.app; sourceTree = BUILT_PRODUCTS_DIR; };
		D046FD011E5EBDC7008CE3EE /* AppDelegate.swift */ = {isa = PBXFileReference; lastKnownFileType = sourcecode.swift; path = AppDelegate.swift; sourceTree = "<group>"; };
		D046FD031E5EBDC7008CE3EE /* ViewController.swift */ = {isa = PBXFileReference; lastKnownFileType = sourcecode.swift; path = ViewController.swift; sourceTree = "<group>"; };
		D046FD081E5EBDC7008CE3EE /* Assets.xcassets */ = {isa = PBXFileReference; lastKnownFileType = folder.assetcatalog; path = Assets.xcassets; sourceTree = "<group>"; };
		D046FD0D1E5EBDC7008CE3EE /* Info.plist */ = {isa = PBXFileReference; lastKnownFileType = text.plist.xml; path = Info.plist; sourceTree = "<group>"; };
		D046FD131E5EBDD7008CE3EE /* View.swift */ = {isa = PBXFileReference; fileEncoding = 4; lastKnownFileType = sourcecode.swift; path = View.swift; sourceTree = "<group>"; };
		D046FD151E5EC862008CE3EE /* LaunchScreen.storyboard */ = {isa = PBXFileReference; fileEncoding = 4; lastKnownFileType = file.storyboard; path = LaunchScreen.storyboard; sourceTree = "<group>"; };
		D046FD161E5EC862008CE3EE /* Main.storyboard */ = {isa = PBXFileReference; fileEncoding = 4; lastKnownFileType = file.storyboard; path = Main.storyboard; sourceTree = "<group>"; };
/* End PBXFileReference section */

/* Begin PBXFrameworksBuildPhase section */
		D046FCFB1E5EBDC7008CE3EE /* Frameworks */ = {
			isa = PBXFrameworksBuildPhase;
			buildActionMask = 2147483647;
			files = (
			);
			runOnlyForDeploymentPostprocessing = 0;
		};
/* End PBXFrameworksBuildPhase section */

/* Begin PBXGroup section */
		D046FCF51E5EBDC7008CE3EE = {
			isa = PBXGroup;
			children = (
				D046FD001E5EBDC7008CE3EE /* CoreGraphicsDemo */,
				D046FCFF1E5EBDC7008CE3EE /* Products */,
			);
			sourceTree = "<group>";
		};
		D046FCFF1E5EBDC7008CE3EE /* Products */ = {
			isa = PBXGroup;
			children = (
				D046FCFE1E5EBDC7008CE3EE /* CoreGraphicsDemo.app */,
			);
			name = Products;
			sourceTree = "<group>";
		};
		D046FD001E5EBDC7008CE3EE /* CoreGraphicsDemo */ = {
			isa = PBXGroup;
			children = (
				D046FD011E5EBDC7008CE3EE /* AppDelegate.swift */,
				D046FD031E5EBDC7008CE3EE /* ViewController.swift */,
				D046FD131E5EBDD7008CE3EE /* View.swift */,
				D046FD151E5EC862008CE3EE /* LaunchScreen.storyboard */,
				D046FD161E5EC862008CE3EE /* Main.storyboard */,
				D046FD081E5EBDC7008CE3EE /* Assets.xcassets */,
				D046FD0D1E5EBDC7008CE3EE /* Info.plist */,
			);
			path = CoreGraphicsDemo;
			sourceTree = "<group>";
		};
/* End PBXGroup section */

/* Begin PBXNativeTarget section */
		D046FCFD1E5EBDC7008CE3EE /* CoreGraphicsDemo */ = {
			isa = PBXNativeTarget;
			buildConfigurationList = D046FD101E5EBDC7008CE3EE /* Build configuration list for PBXNativeTarget "CoreGraphicsDemo" */;
			buildPhases = (
				D046FCFA1E5EBDC7008CE3EE /* Sources */,
				D046FCFB1E5EBDC7008CE3EE /* Frameworks */,
				D046FCFC1E5EBDC7008CE3EE /* Resources */,
			);
			buildRules = (
			);
			dependencies = (
			);
			name = CoreGraphicsDemo;
			productName = CoreGraphicsDemo;
			productReference = D046FCFE1E5EBDC7008CE3EE /* CoreGraphicsDemo.app */;
			productType = "com.apple.product-type.application";
		};
/* End PBXNativeTarget section */

/* Begin PBXProject section */
		D046FCF61E5EBDC7008CE3EE /* Project object */ = {
			isa = PBXProject;
			attributes = {
				LastSwiftUpdateCheck = 0820;
				LastUpgradeCheck = 0820;
				ORGANIZATIONNAME = "UC Davis";
				TargetAttributes = {
					D046FCFD1E5EBDC7008CE3EE = {
						CreatedOnToolsVersion = 8.2.1;
						ProvisioningStyle = Automatic;
					};
				};
			};
			buildConfigurationList = D046FCF91E5EBDC7008CE3EE /* Build configuration list for PBXProject "CoreGraphicsDemo" */;
			compatibilityVersion = "Xcode 3.2";
			developmentRegion = English;
			hasScannedForEncodings = 0;
			knownRegions = (
				en,
				Base,
			);
			mainGroup = D046FCF51E5EBDC7008CE3EE;
			productRefGroup = D046FCFF1E5EBDC7008CE3EE /* Products */;
			projectDirPath = "";
			projectRoot = "";
			targets = (
				D046FCFD1E5EBDC7008CE3EE /* CoreGraphicsDemo */,
			);
		};
/* End PBXProject section */

/* Begin PBXResourcesBuildPhase section */
		D046FCFC1E5EBDC7008CE3EE /* Resources */ = {
			isa = PBXResourcesBuildPhase;
			buildActionMask = 2147483647;
			files = (
				D046FD181E5EC862008CE3EE /* Main.storyboard in Resources */,
				D046FD091E5EBDC7008CE3EE /* Assets.xcassets in Resources */,
				D046FD171E5EC862008CE3EE /* LaunchScreen.storyboard in Resources */,
			);
			runOnlyForDeploymentPostprocessing = 0;
		};
/* End PBXResourcesBuildPhase section */

/* Begin PBXSourcesBuildPhase section */
		D046FCFA1E5EBDC7008CE3EE /* Sources */ = {
			isa = PBXSourcesBuildPhase;
			buildActionMask = 2147483647;
			files = (
				D046FD141E5EBDD7008CE3EE /* View.swift in Sources */,
				D046FD041E5EBDC7008CE3EE /* ViewController.swift in Sources */,
				D046FD021E5EBDC7008CE3EE /* AppDelegate.swift in Sources */,
			);
			runOnlyForDeploymentPostprocessing = 0;
		};
/* End PBXSourcesBuildPhase section */

/* Begin XCBuildConfiguration section */
		D046FD0E1E5EBDC7008CE3EE /* Debug */ = {
			isa = XCBuildConfiguration;
			buildSettings = {
				ALWAYS_SEARCH_USER_PATHS = NO;
				CLANG_ANALYZER_NONNULL = YES;
				CLANG_CXX_LANGUAGE_STANDARD = "gnu++0x";
				CLANG_CXX_LIBRARY = "libc++";
				CLANG_ENABLE_MODULES = YES;
				CLANG_ENABLE_OBJC_ARC = YES;
				CLANG_WARN_BOOL_CONVERSION = YES;
				CLANG_WARN_CONSTANT_CONVERSION = YES;
				CLANG_WARN_DIRECT_OBJC_ISA_USAGE = YES_ERROR;
				CLANG_WARN_DOCUMENTATION_COMMENTS = YES;
				CLANG_WARN_EMPTY_BODY = YES;
				CLANG_WARN_ENUM_CONVERSION = YES;
				CLANG_WARN_INFINITE_RECURSION = YES;
				CLANG_WARN_INT_CONVERSION = YES;
				CLANG_WARN_OBJC_ROOT_CLASS = YES_ERROR;
				CLANG_WARN_SUSPICIOUS_MOVE = YES;
				CLANG_WARN_UNREACHABLE_CODE = YES;
				CLANG_WARN__DUPLICATE_METHOD_MATCH = YES;
				"CODE_SIGN_IDENTITY[sdk=iphoneos*]" = "iPhone Developer";
				COPY_PHASE_STRIP = NO;
				DEBUG_INFORMATION_FORMAT = dwarf;
				ENABLE_STRICT_OBJC_MSGSEND = YES;
				ENABLE_TESTABILITY = YES;
				GCC_C_LANGUAGE_STANDARD = gnu99;
				GCC_DYNAMIC_NO_PIC = NO;
				GCC_NO_COMMON_BLOCKS = YES;
				GCC_OPTIMIZATION_LEVEL = 0;
				GCC_PREPROCESSOR_DEFINITIONS = (
					"DEBUG=1",
					"$(inherited)",
				);
				GCC_WARN_64_TO_32_BIT_CONVERSION = YES;
				GCC_WARN_ABOUT_RETURN_TYPE = YES_ERROR;
				GCC_WARN_UNDECLARED_SELECTOR = YES;
				GCC_WARN_UNINITIALIZED_AUTOS = YES_AGGRESSIVE;
				GCC_WARN_UNUSED_FUNCTION = YES;
				GCC_WARN_UNUSED_VARIABLE = YES;
				IPHONEOS_DEPLOYMENT_TARGET = 10.2;
				MTL_ENABLE_DEBUG_INFO = YES;
				ONLY_ACTIVE_ARCH = YES;
				SDKROOT = iphoneos;
				SWIFT_ACTIVE_COMPILATION_CONDITIONS = DEBUG;
				SWIFT_OPTIMIZATION_LEVEL = "-Onone";
				TARGETED_DEVICE_FAMILY = "1,2";
			};
			name = Debug;
		};
		D046FD0F1E5EBDC7008CE3EE /* Release */ = {
			isa = XCBuildConfiguration;
			buildSettings = {
				ALWAYS_SEARCH_USER_PATHS = NO;
				CLANG_ANALYZER_NONNULL = YES;
				CLANG_CXX_LANGUAGE_STANDARD = "gnu++0x";
				CLANG_CXX_LIBRARY = "libc++";
				CLANG_ENABLE_MODULES = YES;
				CLANG_ENABLE_OBJC_ARC = YES;
				CLANG_WARN_BOOL_CONVERSION = YES;
				CLANG_WARN_CONSTANT_CONVERSION = YES;
				CLANG_WARN_DIRECT_OBJC_ISA_USAGE = YES_ERROR;
				CLANG_WARN_DOCUMENTATION_COMMENTS = YES;
				CLANG_WARN_EMPTY_BODY = YES;
				CLANG_WARN_ENUM_CONVERSION = YES;
				CLANG_WARN_INFINITE_RECURSION = YES;
				CLANG_WARN_INT_CONVERSION = YES;
				CLANG_WARN_OBJC_ROOT_CLASS = YES_ERROR;
				CLANG_WARN_SUSPICIOUS_MOVE = YES;
				CLANG_WARN_UNREACHABLE_CODE = YES;
				CLANG_WARN__DUPLICATE_METHOD_MATCH = YES;
				"CODE_SIGN_IDENTITY[sdk=iphoneos*]" = "iPhone Developer";
				COPY_PHASE_STRIP = NO;
				DEBUG_INFORMATION_FORMAT = "dwarf-with-dsym";
				ENABLE_NS_ASSERTIONS = NO;
				ENABLE_STRICT_OBJC_MSGSEND = YES;
				GCC_C_LANGUAGE_STANDARD = gnu99;
				GCC_NO_COMMON_BLOCKS = YES;
				GCC_WARN_64_TO_32_BIT_CONVERSION = YES;
				GCC_WARN_ABOUT_RETURN_TYPE = YES_ERROR;
				GCC_WARN_UNDECLARED_SELECTOR = YES;
				GCC_WARN_UNINITIALIZED_AUTOS = YES_AGGRESSIVE;
				GCC_WARN_UNUSED_FUNCTION = YES;
				GCC_WARN_UNUSED_VARIABLE = YES;
				IPHONEOS_DEPLOYMENT_TARGET = 10.2;
				MTL_ENABLE_DEBUG_INFO = NO;
				SDKROOT = iphoneos;
				SWIFT_OPTIMIZATION_LEVEL = "-Owholemodule";
				TARGETED_DEVICE_FAMILY = "1,2";
				VALIDATE_PRODUCT = YES;
			};
			name = Release;
		};
		D046FD111E5EBDC7008CE3EE /* Debug */ = {
			isa = XCBuildConfiguration;
			buildSettings = {
				ASSETCATALOG_COMPILER_APPICON_NAME = AppIcon;
				DEVELOPMENT_TEAM = "";
				INFOPLIST_FILE = CoreGraphicsDemo/Info.plist;
				LD_RUNPATH_SEARCH_PATHS = "$(inherited) @executable_path/Frameworks";
				PRODUCT_BUNDLE_IDENTIFIER = edu.ucdavis.CoreGraphicsDemo;
				PRODUCT_NAME = "$(TARGET_NAME)";
				SWIFT_VERSION = 3.0;
			};
			name = Debug;
		};
		D046FD121E5EBDC7008CE3EE /* Release */ = {
			isa = XCBuildConfiguration;
			buildSettings = {
				ASSETCATALOG_COMPILER_APPICON_NAME = AppIcon;
				DEVELOPMENT_TEAM = "";
				INFOPLIST_FILE = CoreGraphicsDemo/Info.plist;
				LD_RUNPATH_SEARCH_PATHS = "$(inherited) @executable_path/Frameworks";
				PRODUCT_BUNDLE_IDENTIFIER = edu.ucdavis.CoreGraphicsDemo;
				PRODUCT_NAME = "$(TARGET_NAME)";
				SWIFT_VERSION = 3.0;
			};
			name = Release;
		};
/* End XCBuildConfiguration section */

/* Begin XCConfigurationList section */
		D046FCF91E5EBDC7008CE3EE /* Build configuration list for PBXProject "CoreGraphicsDemo" */ = {
			isa = XCConfigurationList;
			buildConfigurations = (
				D046FD0E1E5EBDC7008CE3EE /* Debug */,
				D046FD0F1E5EBDC7008CE3EE /* Release */,
			);
			defaultConfigurationIsVisible = 0;
			defaultConfigurationName = Release;
		};
		D046FD101E5EBDC7008CE3EE /* Build configuration list for PBXNativeTarget "CoreGraphicsDemo" */ = {
			isa = XCConfigurationList;
			buildConfigurations = (
				D046FD111E5EBDC7008CE3EE /* Debug */,
				D046FD121E5EBDC7008CE3EE /* Release */,
			);
			defaultConfigurationIsVisible = 0;
			defaultConfigurationName = Release;
		};
/* End XCConfigurationList section */
	};
	rootObject = D046FCF61E5EBDC7008CE3EE /* Project object */;
}
