// !$*UTF8*$!
{
	archiveVersion = 1;
	classes = {
	};
	objectVersion = 46;
	objects = {

/* Begin PBXBuildFile section */
		200B39F61E567EC500FCF630 /* UnitUpgradeCapabilities.swift in Sources */ = {isa = PBXBuildFile; fileRef = 200B39F51E567EC500FCF630 /* UnitUpgradeCapabilities.swift */; };
		203CCC2A1E60DBE700037C38 /* TrainCapabilities.swift in Sources */ = {isa = PBXBuildFile; fileRef = 203CCC291E60DBE700037C38 /* TrainCapabilities.swift */; };
		49E8B2FB1E38400D00B80211 /* Debug.swift in Sources */ = {isa = PBXBuildFile; fileRef = 49E8B2FA1E38400D00B80211 /* Debug.swift */; };
		8E0B3B171E48656000BA4832 /* FogRenderer.swift in Sources */ = {isa = PBXBuildFile; fileRef = 8E0B3B161E48656000BA4832 /* FogRenderer.swift */; };
		8E1B515C1E2D58F0008E968C /* GameDataTypes.swift in Sources */ = {isa = PBXBuildFile; fileRef = 8E1B515B1E2D58F0008E968C /* GameDataTypes.swift */; };
		8E1B515F1E2D64DF008E968C /* Rectangle.swift in Sources */ = {isa = PBXBuildFile; fileRef = 8E1B515E1E2D64DF008E968C /* Rectangle.swift */; };
		8E1B51611E2D694C008E968C /* Position.swift in Sources */ = {isa = PBXBuildFile; fileRef = 8E1B51601E2D694C008E968C /* Position.swift */; };
		8E4B67F21E36FF80001EF533 /* VisibilityMap.swift in Sources */ = {isa = PBXBuildFile; fileRef = 8E4B67F11E36FF80001EF533 /* VisibilityMap.swift */; };
		8E663E8C1E41447F00FD4727 /* RandomNumberGenerator.swift in Sources */ = {isa = PBXBuildFile; fileRef = 8E663E8B1E41447F00FD4727 /* RandomNumberGenerator.swift */; };
		8E663E901E41492100FD4727 /* GameModel.swift in Sources */ = {isa = PBXBuildFile; fileRef = 8E663E8F1E41492100FD4727 /* GameModel.swift */; };
		8E7737051E4ADBE80058A7C6 /* BasicCapabilities.swift in Sources */ = {isa = PBXBuildFile; fileRef = 8E7737041E4ADBE80058A7C6 /* BasicCapabilities.swift */; };
		8EA0677F1E33C8E00059CEC2 /* DataSource.swift in Sources */ = {isa = PBXBuildFile; fileRef = 8EA067741E33C8E00059CEC2 /* DataSource.swift */; };
		8EA067801E33C8E00059CEC2 /* DataContainer.swift in Sources */ = {isa = PBXBuildFile; fileRef = 8EA067751E33C8E00059CEC2 /* DataContainer.swift */; };
		8EA067811E33C8E00059CEC2 /* DataSink.swift in Sources */ = {isa = PBXBuildFile; fileRef = 8EA067761E33C8E00059CEC2 /* DataSink.swift */; };
		8EA067821E33C8E00059CEC2 /* FileDataSource.swift in Sources */ = {isa = PBXBuildFile; fileRef = 8EA067771E33C8E00059CEC2 /* FileDataSource.swift */; };
		8EA067831E33C8E00059CEC2 /* GraphicResourceContext.swift in Sources */ = {isa = PBXBuildFile; fileRef = 8EA067781E33C8E00059CEC2 /* GraphicResourceContext.swift */; };
		8EA067841E33C8E00059CEC2 /* LineDataSource.swift in Sources */ = {isa = PBXBuildFile; fileRef = 8EA067791E33C8E00059CEC2 /* LineDataSource.swift */; };
		8EA067851E33C8E00059CEC2 /* PeriodicTimeout.swift in Sources */ = {isa = PBXBuildFile; fileRef = 8EA0677A1E33C8E00059CEC2 /* PeriodicTimeout.swift */; };
		8EA067861E33C8E00059CEC2 /* PlayerAsset.swift in Sources */ = {isa = PBXBuildFile; fileRef = 8EA0677B1E33C8E00059CEC2 /* PlayerAsset.swift */; };
		8EA067871E33C8E00059CEC2 /* TerrainMap.swift in Sources */ = {isa = PBXBuildFile; fileRef = 8EA0677C1E33C8E00059CEC2 /* TerrainMap.swift */; };
		8EA067881E33C8E00059CEC2 /* Tokenizer.swift in Sources */ = {isa = PBXBuildFile; fileRef = 8EA0677D1E33C8E00059CEC2 /* Tokenizer.swift */; };
		8EA067891E33C8E00059CEC2 /* GraphicSurface.swift in Sources */ = {isa = PBXBuildFile; fileRef = 8EA0677E1E33C8E00059CEC2 /* GraphicSurface.swift */; };
		8EC6A5C81E3D68F400ACB660 /* AssetDecoratedMap.swift in Sources */ = {isa = PBXBuildFile; fileRef = 8EC6A5C71E3D68F400ACB660 /* AssetDecoratedMap.swift */; };
		8EC6A5CA1E3D797000ACB660 /* RouterMap.swift in Sources */ = {isa = PBXBuildFile; fileRef = 8EC6A5C91E3D797000ACB660 /* RouterMap.swift */; };
		9204011E1E418A2800D3719F /* GraphicRecolorMap.swift in Sources */ = {isa = PBXBuildFile; fileRef = 9204011D1E418A2800D3719F /* GraphicRecolorMap.swift */; };
		A90224B81E45AAB900BECE39 /* UnitActionRenderer.swift in Sources */ = {isa = PBXBuildFile; fileRef = A90224B71E45AAB900BECE39 /* UnitActionRenderer.swift */; };
		C834BE931E49AA5A00941BFF /* ViewportRenderer.swift in Sources */ = {isa = PBXBuildFile; fileRef = C834BE921E49AA5A00941BFF /* ViewportRenderer.swift */; };
		C8992A321E53EC1A009928E5 /* MiniMapRenderer.swift in Sources */ = {isa = PBXBuildFile; fileRef = C8992A311E53EC1A009928E5 /* MiniMapRenderer.swift */; };
		C8CB47CC1E3AD8C3004AFED4 /* TextFormatter.swift in Sources */ = {isa = PBXBuildFile; fileRef = C8CB47CB1E3AD8C3004AFED4 /* TextFormatter.swift */; };
		C8E5F4651E419CFF00EDEC02 /* GraphicMulticolorTileset.swift in Sources */ = {isa = PBXBuildFile; fileRef = C8E5F4641E419CFF00EDEC02 /* GraphicMulticolorTileset.swift */; };
		C8E5F4671E41A08500EDEC02 /* AssetRenderer.swift in Sources */ = {isa = PBXBuildFile; fileRef = C8E5F4661E41A08400EDEC02 /* AssetRenderer.swift */; };
		D022B24E1E504C4300F8736B /* FileDataContainer.swift in Sources */ = {isa = PBXBuildFile; fileRef = D022B24D1E504C4300F8736B /* FileDataContainer.swift */; };
		D022B2501E504CA600F8736B /* FileDataSink.swift in Sources */ = {isa = PBXBuildFile; fileRef = D022B24F1E504CA600F8736B /* FileDataSink.swift */; };
		D022B2521E504FCD00F8736B /* data in Resources */ = {isa = PBXBuildFile; fileRef = D022B2511E504FCD00F8736B /* data */; };
		D0773FBE1E38475800FF7DD7 /* PlayerCommand.swift in Sources */ = {isa = PBXBuildFile; fileRef = D0773FBD1E38475800FF7DD7 /* PlayerCommand.swift */; };
		D08F47431E35BE6300F7FED1 /* PixelType.swift in Sources */ = {isa = PBXBuildFile; fileRef = D08F47421E35BE6300F7FED1 /* PixelType.swift */; };
		D08F47451E35D80600F7FED1 /* MapRenderer.swift in Sources */ = {isa = PBXBuildFile; fileRef = D08F47441E35D80600F7FED1 /* MapRenderer.swift */; };
		D08F47471E35D89800F7FED1 /* GraphicTileset.swift in Sources */ = {isa = PBXBuildFile; fileRef = D08F47461E35D89800F7FED1 /* GraphicTileset.swift */; };
		D08F474A1E36062C00F7FED1 /* GraphicFactory.swift in Sources */ = {isa = PBXBuildFile; fileRef = D08F47491E36062C00F7FED1 /* GraphicFactory.swift */; };
		D0A216BE1E5BD7D20069C2A3 /* BuildingUpgradeCapabilities.swift in Sources */ = {isa = PBXBuildFile; fileRef = D0A216BD1E5BD7D20069C2A3 /* BuildingUpgradeCapabilities.swift */; };
		D0A3C7221E47FA6F00B24AC5 /* MiniMapView.swift in Sources */ = {isa = PBXBuildFile; fileRef = D0A3C7211E47FA6F00B24AC5 /* MiniMapView.swift */; };
		D0D4A3D81E3ED46B009460DE /* Bevel.swift in Sources */ = {isa = PBXBuildFile; fileRef = D0D4A3D71E3ED46B009460DE /* Bevel.swift */; };
		D0D4A3DC1E3F265A009460DE /* MapView.swift in Sources */ = {isa = PBXBuildFile; fileRef = D0D4A3DB1E3F265A009460DE /* MapView.swift */; };
		D0D6FA4F1E26015E00D92DA5 /* AppDelegate.swift in Sources */ = {isa = PBXBuildFile; fileRef = D0D6FA4E1E26015E00D92DA5 /* AppDelegate.swift */; };
		D0D6FA5A1E26015E00D92DA5 /* Main.storyboard in Resources */ = {isa = PBXBuildFile; fileRef = D0D6FA581E26015E00D92DA5 /* Main.storyboard */; };
		D0D6FA5C1E26015E00D92DA5 /* Assets.xcassets in Resources */ = {isa = PBXBuildFile; fileRef = D0D6FA5B1E26015E00D92DA5 /* Assets.xcassets */; };
		D0D6FA5F1E26015E00D92DA5 /* LaunchScreen.storyboard in Resources */ = {isa = PBXBuildFile; fileRef = D0D6FA5D1E26015E00D92DA5 /* LaunchScreen.storyboard */; };
		D0D6FA671E26027000D92DA5 /* LaunchViewController.swift in Sources */ = {isa = PBXBuildFile; fileRef = D0D6FA661E26027000D92DA5 /* LaunchViewController.swift */; };
		D0DF813D1E3F2ECE000F9BC4 /* GameViewController.swift in Sources */ = {isa = PBXBuildFile; fileRef = D0DF813C1E3F2ECE000F9BC4 /* GameViewController.swift */; };
		F9A93CCBDD3B6E1591845090 /* Pods_Warcraft2.framework in Frameworks */ = {isa = PBXBuildFile; fileRef = 9158D995DDE23C9C5DE22BC7 /* Pods_Warcraft2.framework */; };
/* End PBXBuildFile section */

/* Begin PBXFileReference section */
		1E0A15F8C5E0A27846607E01 /* Pods-Warcraft2.release.xcconfig */ = {isa = PBXFileReference; includeInIndex = 1; lastKnownFileType = text.xcconfig; name = "Pods-Warcraft2.release.xcconfig"; path = "Pods/Target Support Files/Pods-Warcraft2/Pods-Warcraft2.release.xcconfig"; sourceTree = "<group>"; };
		200B39F51E567EC500FCF630 /* UnitUpgradeCapabilities.swift */ = {isa = PBXFileReference; fileEncoding = 4; lastKnownFileType = sourcecode.swift; path = UnitUpgradeCapabilities.swift; sourceTree = "<group>"; };
		203CCC291E60DBE700037C38 /* TrainCapabilities.swift */ = {isa = PBXFileReference; fileEncoding = 4; lastKnownFileType = sourcecode.swift; path = TrainCapabilities.swift; sourceTree = "<group>"; };
		49E8B2FA1E38400D00B80211 /* Debug.swift */ = {isa = PBXFileReference; fileEncoding = 4; lastKnownFileType = sourcecode.swift; path = Debug.swift; sourceTree = "<group>"; };
		8E0B3B161E48656000BA4832 /* FogRenderer.swift */ = {isa = PBXFileReference; fileEncoding = 4; lastKnownFileType = sourcecode.swift; path = FogRenderer.swift; sourceTree = "<group>"; };
		8E1B515B1E2D58F0008E968C /* GameDataTypes.swift */ = {isa = PBXFileReference; fileEncoding = 4; lastKnownFileType = sourcecode.swift; path = GameDataTypes.swift; sourceTree = "<group>"; };
		8E1B515D1E2D5DE9008E968C /* MyPlayground.playground */ = {isa = PBXFileReference; lastKnownFileType = file.playground; path = MyPlayground.playground; sourceTree = "<group>"; };
		8E1B515E1E2D64DF008E968C /* Rectangle.swift */ = {isa = PBXFileReference; fileEncoding = 4; lastKnownFileType = sourcecode.swift; path = Rectangle.swift; sourceTree = "<group>"; };
		8E1B51601E2D694C008E968C /* Position.swift */ = {isa = PBXFileReference; fileEncoding = 4; lastKnownFileType = sourcecode.swift; path = Position.swift; sourceTree = "<group>"; };
		8E4B67F11E36FF80001EF533 /* VisibilityMap.swift */ = {isa = PBXFileReference; fileEncoding = 4; lastKnownFileType = sourcecode.swift; path = VisibilityMap.swift; sourceTree = "<group>"; };
		8E663E8B1E41447F00FD4727 /* RandomNumberGenerator.swift */ = {isa = PBXFileReference; fileEncoding = 4; lastKnownFileType = sourcecode.swift; path = RandomNumberGenerator.swift; sourceTree = "<group>"; };
		8E663E8F1E41492100FD4727 /* GameModel.swift */ = {isa = PBXFileReference; fileEncoding = 4; lastKnownFileType = sourcecode.swift; path = GameModel.swift; sourceTree = "<group>"; };
		8E7737041E4ADBE80058A7C6 /* BasicCapabilities.swift */ = {isa = PBXFileReference; fileEncoding = 4; lastKnownFileType = sourcecode.swift; path = BasicCapabilities.swift; sourceTree = "<group>"; };
		8EA067741E33C8E00059CEC2 /* DataSource.swift */ = {isa = PBXFileReference; fileEncoding = 4; lastKnownFileType = sourcecode.swift; path = DataSource.swift; sourceTree = "<group>"; };
		8EA067751E33C8E00059CEC2 /* DataContainer.swift */ = {isa = PBXFileReference; fileEncoding = 4; lastKnownFileType = sourcecode.swift; path = DataContainer.swift; sourceTree = "<group>"; };
		8EA067761E33C8E00059CEC2 /* DataSink.swift */ = {isa = PBXFileReference; fileEncoding = 4; lastKnownFileType = sourcecode.swift; path = DataSink.swift; sourceTree = "<group>"; };
		8EA067771E33C8E00059CEC2 /* FileDataSource.swift */ = {isa = PBXFileReference; fileEncoding = 4; lastKnownFileType = sourcecode.swift; path = FileDataSource.swift; sourceTree = "<group>"; };
		8EA067781E33C8E00059CEC2 /* GraphicResourceContext.swift */ = {isa = PBXFileReference; fileEncoding = 4; lastKnownFileType = sourcecode.swift; path = GraphicResourceContext.swift; sourceTree = "<group>"; };
		8EA067791E33C8E00059CEC2 /* LineDataSource.swift */ = {isa = PBXFileReference; fileEncoding = 4; lastKnownFileType = sourcecode.swift; path = LineDataSource.swift; sourceTree = "<group>"; };
		8EA0677A1E33C8E00059CEC2 /* PeriodicTimeout.swift */ = {isa = PBXFileReference; fileEncoding = 4; lastKnownFileType = sourcecode.swift; path = PeriodicTimeout.swift; sourceTree = "<group>"; };
		8EA0677B1E33C8E00059CEC2 /* PlayerAsset.swift */ = {isa = PBXFileReference; fileEncoding = 4; lastKnownFileType = sourcecode.swift; path = PlayerAsset.swift; sourceTree = "<group>"; };
		8EA0677C1E33C8E00059CEC2 /* TerrainMap.swift */ = {isa = PBXFileReference; fileEncoding = 4; lastKnownFileType = sourcecode.swift; path = TerrainMap.swift; sourceTree = "<group>"; };
		8EA0677D1E33C8E00059CEC2 /* Tokenizer.swift */ = {isa = PBXFileReference; fileEncoding = 4; lastKnownFileType = sourcecode.swift; path = Tokenizer.swift; sourceTree = "<group>"; };
		8EA0677E1E33C8E00059CEC2 /* GraphicSurface.swift */ = {isa = PBXFileReference; fileEncoding = 4; lastKnownFileType = sourcecode.swift; path = GraphicSurface.swift; sourceTree = "<group>"; };
		8EC6A5C71E3D68F400ACB660 /* AssetDecoratedMap.swift */ = {isa = PBXFileReference; fileEncoding = 4; lastKnownFileType = sourcecode.swift; path = AssetDecoratedMap.swift; sourceTree = "<group>"; };
		8EC6A5C91E3D797000ACB660 /* RouterMap.swift */ = {isa = PBXFileReference; fileEncoding = 4; lastKnownFileType = sourcecode.swift; path = RouterMap.swift; sourceTree = "<group>"; };
		9158D995DDE23C9C5DE22BC7 /* Pods_Warcraft2.framework */ = {isa = PBXFileReference; explicitFileType = wrapper.framework; includeInIndex = 0; path = Pods_Warcraft2.framework; sourceTree = BUILT_PRODUCTS_DIR; };
		9204011D1E418A2800D3719F /* GraphicRecolorMap.swift */ = {isa = PBXFileReference; fileEncoding = 4; lastKnownFileType = sourcecode.swift; path = GraphicRecolorMap.swift; sourceTree = "<group>"; };
		A90224B71E45AAB900BECE39 /* UnitActionRenderer.swift */ = {isa = PBXFileReference; fileEncoding = 4; lastKnownFileType = sourcecode.swift; path = UnitActionRenderer.swift; sourceTree = "<group>"; };
		C834BE921E49AA5A00941BFF /* ViewportRenderer.swift */ = {isa = PBXFileReference; fileEncoding = 4; lastKnownFileType = sourcecode.swift; path = ViewportRenderer.swift; sourceTree = "<group>"; };
		C8992A311E53EC1A009928E5 /* MiniMapRenderer.swift */ = {isa = PBXFileReference; fileEncoding = 4; lastKnownFileType = sourcecode.swift; path = MiniMapRenderer.swift; sourceTree = "<group>"; };
		C8CB47CB1E3AD8C3004AFED4 /* TextFormatter.swift */ = {isa = PBXFileReference; fileEncoding = 4; lastKnownFileType = sourcecode.swift; path = TextFormatter.swift; sourceTree = "<group>"; };
		C8E5F4641E419CFF00EDEC02 /* GraphicMulticolorTileset.swift */ = {isa = PBXFileReference; fileEncoding = 4; lastKnownFileType = sourcecode.swift; path = GraphicMulticolorTileset.swift; sourceTree = "<group>"; };
		C8E5F4661E41A08400EDEC02 /* AssetRenderer.swift */ = {isa = PBXFileReference; fileEncoding = 4; lastKnownFileType = sourcecode.swift; path = AssetRenderer.swift; sourceTree = "<group>"; };
		D022B24D1E504C4300F8736B /* FileDataContainer.swift */ = {isa = PBXFileReference; fileEncoding = 4; lastKnownFileType = sourcecode.swift; path = FileDataContainer.swift; sourceTree = "<group>"; };
		D022B24F1E504CA600F8736B /* FileDataSink.swift */ = {isa = PBXFileReference; fileEncoding = 4; lastKnownFileType = sourcecode.swift; path = FileDataSink.swift; sourceTree = "<group>"; };
		D022B2511E504FCD00F8736B /* data */ = {isa = PBXFileReference; lastKnownFileType = folder; path = data; sourceTree = "<group>"; };
		D037B9441E260CF200831CFF /* Overlay.framework */ = {isa = PBXFileReference; lastKnownFileType = wrapper.framework; name = Overlay.framework; path = ../Carthage/Build/iOS/Overlay.framework; sourceTree = "<group>"; };
		D0773FBD1E38475800FF7DD7 /* PlayerCommand.swift */ = {isa = PBXFileReference; fileEncoding = 4; lastKnownFileType = sourcecode.swift; path = PlayerCommand.swift; sourceTree = "<group>"; };
		D08F47421E35BE6300F7FED1 /* PixelType.swift */ = {isa = PBXFileReference; fileEncoding = 4; lastKnownFileType = sourcecode.swift; path = PixelType.swift; sourceTree = "<group>"; };
		D08F47441E35D80600F7FED1 /* MapRenderer.swift */ = {isa = PBXFileReference; fileEncoding = 4; lastKnownFileType = sourcecode.swift; path = MapRenderer.swift; sourceTree = "<group>"; };
		D08F47461E35D89800F7FED1 /* GraphicTileset.swift */ = {isa = PBXFileReference; fileEncoding = 4; lastKnownFileType = sourcecode.swift; path = GraphicTileset.swift; sourceTree = "<group>"; };
		D08F47491E36062C00F7FED1 /* GraphicFactory.swift */ = {isa = PBXFileReference; fileEncoding = 4; lastKnownFileType = sourcecode.swift; path = GraphicFactory.swift; sourceTree = "<group>"; };
		D0A216BD1E5BD7D20069C2A3 /* BuildingUpgradeCapabilities.swift */ = {isa = PBXFileReference; fileEncoding = 4; lastKnownFileType = sourcecode.swift; path = BuildingUpgradeCapabilities.swift; sourceTree = "<group>"; };
		D0A3C7211E47FA6F00B24AC5 /* MiniMapView.swift */ = {isa = PBXFileReference; fileEncoding = 4; lastKnownFileType = sourcecode.swift; path = MiniMapView.swift; sourceTree = "<group>"; };
		D0C9C782AE7DB11B514D5CD1 /* Pods-Warcraft2.debug.xcconfig */ = {isa = PBXFileReference; includeInIndex = 1; lastKnownFileType = text.xcconfig; name = "Pods-Warcraft2.debug.xcconfig"; path = "Pods/Target Support Files/Pods-Warcraft2/Pods-Warcraft2.debug.xcconfig"; sourceTree = "<group>"; };
		D0D4A3D71E3ED46B009460DE /* Bevel.swift */ = {isa = PBXFileReference; fileEncoding = 4; lastKnownFileType = sourcecode.swift; path = Bevel.swift; sourceTree = "<group>"; };
		D0D4A3DB1E3F265A009460DE /* MapView.swift */ = {isa = PBXFileReference; fileEncoding = 4; lastKnownFileType = sourcecode.swift; path = MapView.swift; sourceTree = "<group>"; };
		D0D6FA4B1E26015E00D92DA5 /* Warcraft2.app */ = {isa = PBXFileReference; explicitFileType = wrapper.application; includeInIndex = 0; path = Warcraft2.app; sourceTree = BUILT_PRODUCTS_DIR; };
		D0D6FA4E1E26015E00D92DA5 /* AppDelegate.swift */ = {isa = PBXFileReference; lastKnownFileType = sourcecode.swift; path = AppDelegate.swift; sourceTree = "<group>"; };
		D0D6FA591E26015E00D92DA5 /* Base */ = {isa = PBXFileReference; lastKnownFileType = file.storyboard; name = Base; path = Base.lproj/Main.storyboard; sourceTree = "<group>"; };
		D0D6FA5B1E26015E00D92DA5 /* Assets.xcassets */ = {isa = PBXFileReference; lastKnownFileType = folder.assetcatalog; path = Assets.xcassets; sourceTree = "<group>"; };
		D0D6FA5E1E26015E00D92DA5 /* Base */ = {isa = PBXFileReference; lastKnownFileType = file.storyboard; name = Base; path = Base.lproj/LaunchScreen.storyboard; sourceTree = "<group>"; };
		D0D6FA601E26015E00D92DA5 /* Info.plist */ = {isa = PBXFileReference; lastKnownFileType = text.plist.xml; path = Info.plist; sourceTree = "<group>"; };
		D0D6FA661E26027000D92DA5 /* LaunchViewController.swift */ = {isa = PBXFileReference; fileEncoding = 4; lastKnownFileType = sourcecode.swift; path = LaunchViewController.swift; sourceTree = "<group>"; };
		D0DF813C1E3F2ECE000F9BC4 /* GameViewController.swift */ = {isa = PBXFileReference; fileEncoding = 4; lastKnownFileType = sourcecode.swift; path = GameViewController.swift; sourceTree = "<group>"; };
/* End PBXFileReference section */

/* Begin PBXFrameworksBuildPhase section */
		DDEE025B1B5AE70FFE49E98F /* Frameworks */ = {
			isa = PBXFrameworksBuildPhase;
			buildActionMask = 2147483647;
			files = (
				F9A93CCBDD3B6E1591845090 /* Pods_Warcraft2.framework in Frameworks */,
			);
			runOnlyForDeploymentPostprocessing = 0;
		};
/* End PBXFrameworksBuildPhase section */

/* Begin PBXGroup section */
		49F506811E41924100DB1362 /* GameLogic */ = {
			isa = PBXGroup;
			children = (
				8E663E8F1E41492100FD4727 /* GameModel.swift */,
			);
			name = GameLogic;
			sourceTree = "<group>";
		};
		804A99FEFEE41B06F89EB89D /* Pods */ = {
			isa = PBXGroup;
			children = (
				D0C9C782AE7DB11B514D5CD1 /* Pods-Warcraft2.debug.xcconfig */,
				1E0A15F8C5E0A27846607E01 /* Pods-Warcraft2.release.xcconfig */,
			);
			name = Pods;
			sourceTree = "<group>";
		};
		8E1B515A1E2D58CA008E968C /* Models */ = {
			isa = PBXGroup;
			children = (
				8E7737031E4ADBD20058A7C6 /* Capabilities */,
				49F506811E41924100DB1362 /* GameLogic */,
				D0773FBF1E38477F00FF7DD7 /* DataContainer */,
				D0773FC01E3847A800FF7DD7 /* Map */,
				D0773FC11E3847C200FF7DD7 /* Graphic */,
				D0773FC41E38485500FF7DD7 /* GameType */,
				D0773FC31E38483200FF7DD7 /* Player */,
				D02808AC1E472190001C1E0E /* Renderer */,
				D0773FC51E38485C00FF7DD7 /* Utilities */,
			);
			name = Models;
			sourceTree = "<group>";
		};
		8E7737031E4ADBD20058A7C6 /* Capabilities */ = {
			isa = PBXGroup;
			children = (
				8E7737041E4ADBE80058A7C6 /* BasicCapabilities.swift */,
				D0A216BD1E5BD7D20069C2A3 /* BuildingUpgradeCapabilities.swift */,
				200B39F51E567EC500FCF630 /* UnitUpgradeCapabilities.swift */,
				203CCC291E60DBE700037C38 /* TrainCapabilities.swift */,
			);
			name = Capabilities;
			sourceTree = "<group>";
		};
		D02808AC1E472190001C1E0E /* Renderer */ = {
			isa = PBXGroup;
			children = (
				C8E5F4661E41A08400EDEC02 /* AssetRenderer.swift */,
				D08F47441E35D80600F7FED1 /* MapRenderer.swift */,
				A90224B71E45AAB900BECE39 /* UnitActionRenderer.swift */,
				C834BE921E49AA5A00941BFF /* ViewportRenderer.swift */,
			);
			name = Renderer;
			sourceTree = "<group>";
		};
		D037B9431E260CF200831CFF /* Frameworks */ = {
			isa = PBXGroup;
			children = (
				D037B9441E260CF200831CFF /* Overlay.framework */,
				9158D995DDE23C9C5DE22BC7 /* Pods_Warcraft2.framework */,
			);
			name = Frameworks;
			sourceTree = "<group>";
		};
		D0773FBF1E38477F00FF7DD7 /* DataContainer */ = {
			isa = PBXGroup;
			children = (
				8EA067751E33C8E00059CEC2 /* DataContainer.swift */,
				8EA067741E33C8E00059CEC2 /* DataSource.swift */,
				8EA067761E33C8E00059CEC2 /* DataSink.swift */,
				D022B24D1E504C4300F8736B /* FileDataContainer.swift */,
				8EA067771E33C8E00059CEC2 /* FileDataSource.swift */,
				D022B24F1E504CA600F8736B /* FileDataSink.swift */,
				8EA067791E33C8E00059CEC2 /* LineDataSource.swift */,
			);
			name = DataContainer;
			sourceTree = "<group>";
		};
		D0773FC01E3847A800FF7DD7 /* Map */ = {
			isa = PBXGroup;
			children = (
				8EA0677C1E33C8E00059CEC2 /* TerrainMap.swift */,
				8EC6A5C91E3D797000ACB660 /* RouterMap.swift */,
				8E4B67F11E36FF80001EF533 /* VisibilityMap.swift */,
				8EC6A5C71E3D68F400ACB660 /* AssetDecoratedMap.swift */,
				8E0B3B161E48656000BA4832 /* FogRenderer.swift */,
				C8992A311E53EC1A009928E5 /* MiniMapRenderer.swift */,
			);
			name = Map;
			sourceTree = "<group>";
		};
		D0773FC11E3847C200FF7DD7 /* Graphic */ = {
			isa = PBXGroup;
			children = (
				D0D4A3D71E3ED46B009460DE /* Bevel.swift */,
				8EA067781E33C8E00059CEC2 /* GraphicResourceContext.swift */,
				8EA0677E1E33C8E00059CEC2 /* GraphicSurface.swift */,
				D08F47491E36062C00F7FED1 /* GraphicFactory.swift */,
				9204011D1E418A2800D3719F /* GraphicRecolorMap.swift */,
				D08F47461E35D89800F7FED1 /* GraphicTileset.swift */,
				C8E5F4641E419CFF00EDEC02 /* GraphicMulticolorTileset.swift */,
			);
			name = Graphic;
			sourceTree = "<group>";
		};
		D0773FC31E38483200FF7DD7 /* Player */ = {
			isa = PBXGroup;
			children = (
				8EA0677B1E33C8E00059CEC2 /* PlayerAsset.swift */,
				D0773FBD1E38475800FF7DD7 /* PlayerCommand.swift */,
			);
			name = Player;
			sourceTree = "<group>";
		};
		D0773FC41E38485500FF7DD7 /* GameType */ = {
			isa = PBXGroup;
			children = (
				8E1B515B1E2D58F0008E968C /* GameDataTypes.swift */,
				D08F47421E35BE6300F7FED1 /* PixelType.swift */,
				8E1B515E1E2D64DF008E968C /* Rectangle.swift */,
				8E1B51601E2D694C008E968C /* Position.swift */,
			);
			name = GameType;
			sourceTree = "<group>";
		};
		D0773FC51E38485C00FF7DD7 /* Utilities */ = {
			isa = PBXGroup;
			children = (
				49E8B2FA1E38400D00B80211 /* Debug.swift */,
				8EA0677A1E33C8E00059CEC2 /* PeriodicTimeout.swift */,
				8E663E8B1E41447F00FD4727 /* RandomNumberGenerator.swift */,
				8EA0677D1E33C8E00059CEC2 /* Tokenizer.swift */,
				C8CB47CB1E3AD8C3004AFED4 /* TextFormatter.swift */,
			);
			name = Utilities;
			sourceTree = "<group>";
		};
		D0D6FA421E26015E00D92DA5 = {
			isa = PBXGroup;
			children = (
				D0D6FA4D1E26015E00D92DA5 /* Warcraft2 */,
				D0D6FA4C1E26015E00D92DA5 /* Products */,
				D037B9431E260CF200831CFF /* Frameworks */,
				804A99FEFEE41B06F89EB89D /* Pods */,
			);
			sourceTree = "<group>";
		};
		D0D6FA4C1E26015E00D92DA5 /* Products */ = {
			isa = PBXGroup;
			children = (
				D0D6FA4B1E26015E00D92DA5 /* Warcraft2.app */,
			);
			name = Products;
			sourceTree = "<group>";
		};
		D0D6FA4D1E26015E00D92DA5 /* Warcraft2 */ = {
			isa = PBXGroup;
			children = (
				D0D6FA6A1E26029500D92DA5 /* AppDelegate */,
				8E1B515A1E2D58CA008E968C /* Models */,
				D0D6FA681E26028000D92DA5 /* ViewControllers */,
				D0D6FA691E26028B00D92DA5 /* Views */,
				D0D6FA6B1E2602AE00D92DA5 /* Resources */,
				8E1B515D1E2D5DE9008E968C /* MyPlayground.playground */,
			);
			path = Warcraft2;
			sourceTree = "<group>";
		};
		D0D6FA681E26028000D92DA5 /* ViewControllers */ = {
			isa = PBXGroup;
			children = (
				D0D6FA661E26027000D92DA5 /* LaunchViewController.swift */,
				D0DF813C1E3F2ECE000F9BC4 /* GameViewController.swift */,
			);
			name = ViewControllers;
			sourceTree = "<group>";
		};
		D0D6FA691E26028B00D92DA5 /* Views */ = {
			isa = PBXGroup;
			children = (
				D0D6FA581E26015E00D92DA5 /* Main.storyboard */,
				D0D6FA5D1E26015E00D92DA5 /* LaunchScreen.storyboard */,
				D0D4A3DB1E3F265A009460DE /* MapView.swift */,
				D0A3C7211E47FA6F00B24AC5 /* MiniMapView.swift */,
			);
			name = Views;
			sourceTree = "<group>";
		};
		D0D6FA6A1E26029500D92DA5 /* AppDelegate */ = {
			isa = PBXGroup;
			children = (
				D0D6FA4E1E26015E00D92DA5 /* AppDelegate.swift */,
			);
			name = AppDelegate;
			sourceTree = "<group>";
		};
		D0D6FA6B1E2602AE00D92DA5 /* Resources */ = {
			isa = PBXGroup;
			children = (
				D022B2511E504FCD00F8736B /* data */,
				D0D6FA5B1E26015E00D92DA5 /* Assets.xcassets */,
				D0D6FA601E26015E00D92DA5 /* Info.plist */,
			);
			name = Resources;
			sourceTree = "<group>";
		};
/* End PBXGroup section */

/* Begin PBXNativeTarget section */
		D0D6FA4A1E26015E00D92DA5 /* Warcraft2 */ = {
			isa = PBXNativeTarget;
			buildConfigurationList = D0D6FA631E26015E00D92DA5 /* Build configuration list for PBXNativeTarget "Warcraft2" */;
			buildPhases = (
				B536F43B3AE49DCFEF926339 /* [CP] Check Pods Manifest.lock */,
				D0D6FA471E26015E00D92DA5 /* Sources */,
				D0D6FA491E26015E00D92DA5 /* Resources */,
				DDEE025B1B5AE70FFE49E98F /* Frameworks */,
				FEA1872ACCFD1AE4E419EC71 /* [CP] Embed Pods Frameworks */,
				35014607D933153BF4C15C38 /* [CP] Copy Pods Resources */,
				D0C00E0C1E28620400501EC8 /* Format Code */,
			);
			buildRules = (
			);
			dependencies = (
			);
			name = Warcraft2;
			productName = Warcraft2;
			productReference = D0D6FA4B1E26015E00D92DA5 /* Warcraft2.app */;
			productType = "com.apple.product-type.application";
		};
/* End PBXNativeTarget section */

/* Begin PBXProject section */
		D0D6FA431E26015E00D92DA5 /* Project object */ = {
			isa = PBXProject;
			attributes = {
				LastSwiftUpdateCheck = 0820;
				LastUpgradeCheck = 0820;
				ORGANIZATIONNAME = "UC Davis";
				TargetAttributes = {
					D0D6FA4A1E26015E00D92DA5 = {
						CreatedOnToolsVersion = 8.2.1;
						ProvisioningStyle = Automatic;
					};
				};
			};
			buildConfigurationList = D0D6FA461E26015E00D92DA5 /* Build configuration list for PBXProject "Warcraft2" */;
			compatibilityVersion = "Xcode 3.2";
			developmentRegion = English;
			hasScannedForEncodings = 0;
			knownRegions = (
				en,
				Base,
			);
			mainGroup = D0D6FA421E26015E00D92DA5;
			productRefGroup = D0D6FA4C1E26015E00D92DA5 /* Products */;
			projectDirPath = "";
			projectRoot = "";
			targets = (
				D0D6FA4A1E26015E00D92DA5 /* Warcraft2 */,
			);
		};
/* End PBXProject section */

/* Begin PBXResourcesBuildPhase section */
		D0D6FA491E26015E00D92DA5 /* Resources */ = {
			isa = PBXResourcesBuildPhase;
			buildActionMask = 2147483647;
			files = (
				D0D6FA5A1E26015E00D92DA5 /* Main.storyboard in Resources */,
				D0D6FA5C1E26015E00D92DA5 /* Assets.xcassets in Resources */,
				D0D6FA5F1E26015E00D92DA5 /* LaunchScreen.storyboard in Resources */,
				D022B2521E504FCD00F8736B /* data in Resources */,
			);
			runOnlyForDeploymentPostprocessing = 0;
		};
/* End PBXResourcesBuildPhase section */

/* Begin PBXShellScriptBuildPhase section */
		35014607D933153BF4C15C38 /* [CP] Copy Pods Resources */ = {
			isa = PBXShellScriptBuildPhase;
			buildActionMask = 2147483647;
			files = (
			);
			inputPaths = (
			);
			name = "[CP] Copy Pods Resources";
			outputPaths = (
			);
			runOnlyForDeploymentPostprocessing = 0;
			shellPath = /bin/sh;
			shellScript = "\"${SRCROOT}/Pods/Target Support Files/Pods-Warcraft2/Pods-Warcraft2-resources.sh\"\n";
			showEnvVarsInLog = 0;
		};
		B536F43B3AE49DCFEF926339 /* [CP] Check Pods Manifest.lock */ = {
			isa = PBXShellScriptBuildPhase;
			buildActionMask = 2147483647;
			files = (
			);
			inputPaths = (
			);
			name = "[CP] Check Pods Manifest.lock";
			outputPaths = (
			);
			runOnlyForDeploymentPostprocessing = 0;
			shellPath = /bin/sh;
			shellScript = "diff \"${PODS_ROOT}/../Podfile.lock\" \"${PODS_ROOT}/Manifest.lock\" > /dev/null\nif [ $? != 0 ] ; then\n    # print error to STDERR\n    echo \"error: The sandbox is not in sync with the Podfile.lock. Run 'pod install' or update your CocoaPods installation.\" >&2\n    exit 1\nfi\n";
			showEnvVarsInLog = 0;
		};
		D0C00E0C1E28620400501EC8 /* Format Code */ = {
			isa = PBXShellScriptBuildPhase;
			buildActionMask = 2147483647;
			files = (
			);
			inputPaths = (
			);
			name = "Format Code";
			outputPaths = (
			);
			runOnlyForDeploymentPostprocessing = 0;
			shellPath = /bin/sh;
			shellScript = "chmod u+x \"${SRCROOT}/swiftformat\"\n\"${SRCROOT}/swiftformat\" \"${SRCROOT}/Warcraft2\" \\\n--indent 4 \\\n--allman false \\\n--wraparguments beforefirst  \\\n--removelines enabled \\\n--wrapelements beforefirst \\\n--exponentcase lowercase \\\n--stripunusedargs closure-only \\\n--header strip \\\n--insertlines disabled \\\n--binarygrouping 4,8 \\\n--empty void \\\n--ranges spaced \\\n--trimwhitespace always \\\n--hexliteralcase lowercase \\\n--linebreaks lf \\\n--decimalgrouping 3,6 \\\n--commas inline \\\n--comments indent \\\n--ifdef indent \\\n--octalgrouping 4,8 \\\n--hexgrouping 4,8 \\\n--semicolons inline";
		};
		FEA1872ACCFD1AE4E419EC71 /* [CP] Embed Pods Frameworks */ = {
			isa = PBXShellScriptBuildPhase;
			buildActionMask = 2147483647;
			files = (
			);
			inputPaths = (
			);
			name = "[CP] Embed Pods Frameworks";
			outputPaths = (
			);
			runOnlyForDeploymentPostprocessing = 0;
			shellPath = /bin/sh;
			shellScript = "\"${SRCROOT}/Pods/Target Support Files/Pods-Warcraft2/Pods-Warcraft2-frameworks.sh\"\n";
			showEnvVarsInLog = 0;
		};
/* End PBXShellScriptBuildPhase section */

/* Begin PBXSourcesBuildPhase section */
		D0D6FA471E26015E00D92DA5 /* Sources */ = {
			isa = PBXSourcesBuildPhase;
			buildActionMask = 2147483647;
			files = (
				8EA067811E33C8E00059CEC2 /* DataSink.swift in Sources */,
				8EA067881E33C8E00059CEC2 /* Tokenizer.swift in Sources */,
				D08F47471E35D89800F7FED1 /* GraphicTileset.swift in Sources */,
				D08F47431E35BE6300F7FED1 /* PixelType.swift in Sources */,
				8E1B51611E2D694C008E968C /* Position.swift in Sources */,
				8EA067841E33C8E00059CEC2 /* LineDataSource.swift in Sources */,
				8EA067871E33C8E00059CEC2 /* TerrainMap.swift in Sources */,
				8EA067851E33C8E00059CEC2 /* PeriodicTimeout.swift in Sources */,
				A90224B81E45AAB900BECE39 /* UnitActionRenderer.swift in Sources */,
				8EC6A5CA1E3D797000ACB660 /* RouterMap.swift in Sources */,
				D0D4A3DC1E3F265A009460DE /* MapView.swift in Sources */,
				D0A3C7221E47FA6F00B24AC5 /* MiniMapView.swift in Sources */,
				C8992A321E53EC1A009928E5 /* MiniMapRenderer.swift in Sources */,
				C8E5F4671E41A08500EDEC02 /* AssetRenderer.swift in Sources */,
				8E7737051E4ADBE80058A7C6 /* BasicCapabilities.swift in Sources */,
				C8E5F4651E419CFF00EDEC02 /* GraphicMulticolorTileset.swift in Sources */,
				D0D6FA4F1E26015E00D92DA5 /* AppDelegate.swift in Sources */,
				8EA067861E33C8E00059CEC2 /* PlayerAsset.swift in Sources */,
				D0D4A3D81E3ED46B009460DE /* Bevel.swift in Sources */,
				8EA067831E33C8E00059CEC2 /* GraphicResourceContext.swift in Sources */,
				8E1B515C1E2D58F0008E968C /* GameDataTypes.swift in Sources */,
				D0D6FA671E26027000D92DA5 /* LaunchViewController.swift in Sources */,
				200B39F61E567EC500FCF630 /* UnitUpgradeCapabilities.swift in Sources */,
				D0A216BE1E5BD7D20069C2A3 /* BuildingUpgradeCapabilities.swift in Sources */,
				8E0B3B171E48656000BA4832 /* FogRenderer.swift in Sources */,
				8EA067821E33C8E00059CEC2 /* FileDataSource.swift in Sources */,
				8EA0677F1E33C8E00059CEC2 /* DataSource.swift in Sources */,
				C834BE931E49AA5A00941BFF /* ViewportRenderer.swift in Sources */,
				49E8B2FB1E38400D00B80211 /* Debug.swift in Sources */,
				8E1B515F1E2D64DF008E968C /* Rectangle.swift in Sources */,
				D08F47451E35D80600F7FED1 /* MapRenderer.swift in Sources */,
				D0DF813D1E3F2ECE000F9BC4 /* GameViewController.swift in Sources */,
				D08F474A1E36062C00F7FED1 /* GraphicFactory.swift in Sources */,
				8E663E8C1E41447F00FD4727 /* RandomNumberGenerator.swift in Sources */,
				8E4B67F21E36FF80001EF533 /* VisibilityMap.swift in Sources */,
				8EA067801E33C8E00059CEC2 /* DataContainer.swift in Sources */,
				D022B2501E504CA600F8736B /* FileDataSink.swift in Sources */,
				C8CB47CC1E3AD8C3004AFED4 /* TextFormatter.swift in Sources */,
				9204011E1E418A2800D3719F /* GraphicRecolorMap.swift in Sources */,
				D0773FBE1E38475800FF7DD7 /* PlayerCommand.swift in Sources */,
				8EA067891E33C8E00059CEC2 /* GraphicSurface.swift in Sources */,
				8EC6A5C81E3D68F400ACB660 /* AssetDecoratedMap.swift in Sources */,
				8E663E901E41492100FD4727 /* GameModel.swift in Sources */,
				D022B24E1E504C4300F8736B /* FileDataContainer.swift in Sources */,
				203CCC2A1E60DBE700037C38 /* TrainCapabilities.swift in Sources */,
			);
			runOnlyForDeploymentPostprocessing = 0;
		};
/* End PBXSourcesBuildPhase section */

/* Begin PBXVariantGroup section */
		D0D6FA581E26015E00D92DA5 /* Main.storyboard */ = {
			isa = PBXVariantGroup;
			children = (
				D0D6FA591E26015E00D92DA5 /* Base */,
			);
			name = Main.storyboard;
			sourceTree = "<group>";
		};
		D0D6FA5D1E26015E00D92DA5 /* LaunchScreen.storyboard */ = {
			isa = PBXVariantGroup;
			children = (
				D0D6FA5E1E26015E00D92DA5 /* Base */,
			);
			name = LaunchScreen.storyboard;
			sourceTree = "<group>";
		};
/* End PBXVariantGroup section */

/* Begin XCBuildConfiguration section */
		D0D6FA611E26015E00D92DA5 /* Debug */ = {
			isa = XCBuildConfiguration;
			buildSettings = {
				ALWAYS_SEARCH_USER_PATHS = NO;
				CLANG_ANALYZER_NONNULL = YES;
				CLANG_CXX_LANGUAGE_STANDARD = "gnu++0x";
				CLANG_CXX_LIBRARY = "libc++";
				CLANG_ENABLE_MODULES = YES;
				CLANG_ENABLE_OBJC_ARC = YES;
				CLANG_WARN_BOOL_CONVERSION = YES;
				CLANG_WARN_CONSTANT_CONVERSION = YES;
				CLANG_WARN_DIRECT_OBJC_ISA_USAGE = YES_ERROR;
				CLANG_WARN_DOCUMENTATION_COMMENTS = YES;
				CLANG_WARN_EMPTY_BODY = YES;
				CLANG_WARN_ENUM_CONVERSION = YES;
				CLANG_WARN_INFINITE_RECURSION = YES;
				CLANG_WARN_INT_CONVERSION = YES;
				CLANG_WARN_OBJC_ROOT_CLASS = YES_ERROR;
				CLANG_WARN_SUSPICIOUS_MOVE = YES;
				CLANG_WARN_UNREACHABLE_CODE = YES;
				CLANG_WARN__DUPLICATE_METHOD_MATCH = YES;
				"CODE_SIGN_IDENTITY[sdk=iphoneos*]" = "iPhone Developer";
				COPY_PHASE_STRIP = NO;
				DEBUG_INFORMATION_FORMAT = dwarf;
				ENABLE_STRICT_OBJC_MSGSEND = YES;
				ENABLE_TESTABILITY = YES;
				GCC_C_LANGUAGE_STANDARD = gnu99;
				GCC_DYNAMIC_NO_PIC = NO;
				GCC_NO_COMMON_BLOCKS = YES;
				GCC_OPTIMIZATION_LEVEL = 0;
				GCC_PREPROCESSOR_DEFINITIONS = (
					"DEBUG=1",
					"$(inherited)",
				);
				GCC_WARN_64_TO_32_BIT_CONVERSION = YES;
				GCC_WARN_ABOUT_RETURN_TYPE = YES_ERROR;
				GCC_WARN_UNDECLARED_SELECTOR = YES;
				GCC_WARN_UNINITIALIZED_AUTOS = YES_AGGRESSIVE;
				GCC_WARN_UNUSED_FUNCTION = YES;
				GCC_WARN_UNUSED_VARIABLE = YES;
				IPHONEOS_DEPLOYMENT_TARGET = 10.2;
				MTL_ENABLE_DEBUG_INFO = YES;
				ONLY_ACTIVE_ARCH = YES;
				SDKROOT = iphoneos;
				SWIFT_ACTIVE_COMPILATION_CONDITIONS = DEBUG;
				SWIFT_OPTIMIZATION_LEVEL = "-Onone";
				TARGETED_DEVICE_FAMILY = "1,2";
			};
			name = Debug;
		};
		D0D6FA621E26015E00D92DA5 /* Release */ = {
			isa = XCBuildConfiguration;
			buildSettings = {
				ALWAYS_SEARCH_USER_PATHS = NO;
				CLANG_ANALYZER_NONNULL = YES;
				CLANG_CXX_LANGUAGE_STANDARD = "gnu++0x";
				CLANG_CXX_LIBRARY = "libc++";
				CLANG_ENABLE_MODULES = YES;
				CLANG_ENABLE_OBJC_ARC = YES;
				CLANG_WARN_BOOL_CONVERSION = YES;
				CLANG_WARN_CONSTANT_CONVERSION = YES;
				CLANG_WARN_DIRECT_OBJC_ISA_USAGE = YES_ERROR;
				CLANG_WARN_DOCUMENTATION_COMMENTS = YES;
				CLANG_WARN_EMPTY_BODY = YES;
				CLANG_WARN_ENUM_CONVERSION = YES;
				CLANG_WARN_INFINITE_RECURSION = YES;
				CLANG_WARN_INT_CONVERSION = YES;
				CLANG_WARN_OBJC_ROOT_CLASS = YES_ERROR;
				CLANG_WARN_SUSPICIOUS_MOVE = YES;
				CLANG_WARN_UNREACHABLE_CODE = YES;
				CLANG_WARN__DUPLICATE_METHOD_MATCH = YES;
				"CODE_SIGN_IDENTITY[sdk=iphoneos*]" = "iPhone Developer";
				COPY_PHASE_STRIP = NO;
				DEBUG_INFORMATION_FORMAT = "dwarf-with-dsym";
				ENABLE_NS_ASSERTIONS = NO;
				ENABLE_STRICT_OBJC_MSGSEND = YES;
				GCC_C_LANGUAGE_STANDARD = gnu99;
				GCC_NO_COMMON_BLOCKS = YES;
				GCC_WARN_64_TO_32_BIT_CONVERSION = YES;
				GCC_WARN_ABOUT_RETURN_TYPE = YES_ERROR;
				GCC_WARN_UNDECLARED_SELECTOR = YES;
				GCC_WARN_UNINITIALIZED_AUTOS = YES_AGGRESSIVE;
				GCC_WARN_UNUSED_FUNCTION = YES;
				GCC_WARN_UNUSED_VARIABLE = YES;
				IPHONEOS_DEPLOYMENT_TARGET = 10.2;
				MTL_ENABLE_DEBUG_INFO = NO;
				SDKROOT = iphoneos;
				SWIFT_OPTIMIZATION_LEVEL = "-Owholemodule";
				TARGETED_DEVICE_FAMILY = "1,2";
				VALIDATE_PRODUCT = YES;
			};
			name = Release;
		};
		D0D6FA641E26015E00D92DA5 /* Debug */ = {
			isa = XCBuildConfiguration;
			baseConfigurationReference = D0C9C782AE7DB11B514D5CD1 /* Pods-Warcraft2.debug.xcconfig */;
			buildSettings = {
				ALWAYS_EMBED_SWIFT_STANDARD_LIBRARIES = YES;
				ASSETCATALOG_COMPILER_APPICON_NAME = AppIcon;
				DEVELOPMENT_TEAM = "";
				INFOPLIST_FILE = Warcraft2/Info.plist;
				IPHONEOS_DEPLOYMENT_TARGET = 9.0;
				LD_RUNPATH_SEARCH_PATHS = "$(inherited) @executable_path/Frameworks";
				PRODUCT_BUNDLE_IDENTIFIER = edu.ucdavis.Warcraft2.iOS;
				PRODUCT_NAME = "$(TARGET_NAME)";
				SWIFT_VERSION = 3.0;
				TARGETED_DEVICE_FAMILY = "1,2";
			};
			name = Debug;
		};
		D0D6FA651E26015E00D92DA5 /* Release */ = {
			isa = XCBuildConfiguration;
			baseConfigurationReference = 1E0A15F8C5E0A27846607E01 /* Pods-Warcraft2.release.xcconfig */;
			buildSettings = {
				ALWAYS_EMBED_SWIFT_STANDARD_LIBRARIES = YES;
				ASSETCATALOG_COMPILER_APPICON_NAME = AppIcon;
				DEVELOPMENT_TEAM = "";
				INFOPLIST_FILE = Warcraft2/Info.plist;
				IPHONEOS_DEPLOYMENT_TARGET = 9.0;
				LD_RUNPATH_SEARCH_PATHS = "$(inherited) @executable_path/Frameworks";
				PRODUCT_BUNDLE_IDENTIFIER = edu.ucdavis.Warcraft2.iOS;
				PRODUCT_NAME = "$(TARGET_NAME)";
				SWIFT_VERSION = 3.0;
				TARGETED_DEVICE_FAMILY = "1,2";
			};
			name = Release;
		};
/* End XCBuildConfiguration section */

/* Begin XCConfigurationList section */
		D0D6FA461E26015E00D92DA5 /* Build configuration list for PBXProject "Warcraft2" */ = {
			isa = XCConfigurationList;
			buildConfigurations = (
				D0D6FA611E26015E00D92DA5 /* Debug */,
				D0D6FA621E26015E00D92DA5 /* Release */,
			);
			defaultConfigurationIsVisible = 0;
			defaultConfigurationName = Release;
		};
		D0D6FA631E26015E00D92DA5 /* Build configuration list for PBXNativeTarget "Warcraft2" */ = {
			isa = XCConfigurationList;
			buildConfigurations = (
				D0D6FA641E26015E00D92DA5 /* Debug */,
				D0D6FA651E26015E00D92DA5 /* Release */,
			);
			defaultConfigurationIsVisible = 0;
			defaultConfigurationName = Release;
		};
/* End XCConfigurationList section */
	};
	rootObject = D0D6FA431E26015E00D92DA5 /* Project object */;
}
